# This file is automatically @generated by Poetry 1.4.2 and should not be changed by hand.

[[package]]
name = "examon-core"
version = "0.5.4"
description = "Examon Core Libs"
category = "main"
optional = false
python-versions = ">=3.9,<4.0"
files = [
    {file = "examon_core-0.5.4-py3-none-any.whl", hash = "sha256:ec9dc5e88ca5ceb76c75147fff97c0a4d3284126a3363d36749bed62f510158e"},
    {file = "examon_core-0.5.4.tar.gz", hash = "sha256:df393e4c0efe251c9383a0d42722b1e3de38555e063b31ef9be473163be5f7c3"},
]

[package.source]
type = "legacy"
url = "https://test.pypi.org/simple"
reference = "test"

[metadata]
lock-version = "2.0"
python-versions = "^3.9"
content-hash = "cbb30c36d425eea1266687d268b644067c5af9cea9e36241dbbb15bf2d2bab92"
